
Microsoft Visual Studio Solution File, Format Version 12.00
# Visual Studio 14
VisualStudioVersion = 14.0.25123.0
MinimumVisualStudioVersion = 10.0.40219.1
Project("{2150E333-8FDC-42A3-9474-1A3956D46DE8}") = "src", "src", "{BC97AF1E-E512-4844-97B0-6935308A4B4F}"
EndProject
Project("{2150E333-8FDC-42A3-9474-1A3956D46DE8}") = "Solution Items", "Solution Items", "{9E117FE9-ABDE-4835-92CD-494BCAF164D6}"
	ProjectSection(SolutionItems) = preProject
		global.json = global.json
	EndProjectSection
EndProject
Project("{8BB2217D-0F2D-49D1-97BC-3654ED321F3B}") = "Capstone", "src\Capstone\Capstone.xproj", "{54534B2A-0DC0-494A-AE50-661EBA65DD08}"
EndProject
Global
	GlobalSection(SolutionConfigurationPlatforms) = preSolution
		Debug|Any CPU = Debug|Any CPU
		Release|Any CPU = Release|Any CPU
	EndGlobalSection
	GlobalSection(ProjectConfigurationPlatforms) = postSolution
		{54534B2A-0DC0-494A-AE50-661EBA65DD08}.Debug|Any CPU.ActiveCfg = Debug|Any CPU
		{54534B2A-0DC0-494A-AE50-661EBA65DD08}.Debug|Any CPU.Build.0 = Debug|Any CPU
		{54534B2A-0DC0-494A-AE50-661EBA65DD08}.Release|Any CPU.ActiveCfg = Release|Any CPU
		{54534B2A-0DC0-494A-AE50-661EBA65DD08}.Release|Any CPU.Build.0 = Release|Any CPU
	EndGlobalSection
	GlobalSection(SolutionProperties) = preSolution
		HideSolutionNode = FALSE
	EndGlobalSection
	GlobalSection(NestedProjects) = preSolution
		{54534B2A-0DC0-494A-AE50-661EBA65DD08} = {BC97AF1E-E512-4844-97B0-6935308A4B4F}
	EndGlobalSection
EndGlobal
